
Microsoft Visual Studio Solution File, Format Version 12.00
# Visual Studio Version 17
VisualStudioVersion = 17.7.34031.279
MinimumVisualStudioVersion = 10.0.40219.1
Project("{FAE04EC0-301F-11D3-BF4B-00C04F79EFBC}") = "DZ(6)", "DZ(6).csproj", "{656CE2F5-6299-469C-8907-A3A6DEEF3854}"
EndProject
Global
	GlobalSection(SolutionConfigurationPlatforms) = preSolution
		Debug|Any CPU = Debug|Any CPU
		Release|Any CPU = Release|Any CPU
	EndGlobalSection
	GlobalSection(ProjectConfigurationPlatforms) = postSolution
		{656CE2F5-6299-469C-8907-A3A6DEEF3854}.Debug|Any CPU.ActiveCfg = Debug|Any CPU
		{656CE2F5-6299-469C-8907-A3A6DEEF3854}.Debug|Any CPU.Build.0 = Debug|Any CPU
		{656CE2F5-6299-469C-8907-A3A6DEEF3854}.Release|Any CPU.ActiveCfg = Release|Any CPU
		{656CE2F5-6299-469C-8907-A3A6DEEF3854}.Release|Any CPU.Build.0 = Release|Any CPU
	EndGlobalSection
	GlobalSection(SolutionProperties) = preSolution
		HideSolutionNode = FALSE
	EndGlobalSection
	GlobalSection(ExtensibilityGlobals) = postSolution
		SolutionGuid = {C1CF57AF-A247-44A7-BDB7-4EE4BAB262DC}
	EndGlobalSection
EndGlobal
